
Microsoft Visual Studio Solution File, Format Version 12.00
# Visual Studio Version 17
VisualStudioVersion = 17.9.34607.119
MinimumVisualStudioVersion = 10.0.40219.1
Project("{9A19103F-16F7-4668-BE54-9A1E7A4F7556}") = "HackathonRegistration-Backend", "HackathonRegistration-Backend\HackathonRegistration-Backend.csproj", "{E841436F-6073-42A3-8CB4-D81BB8FF38CD}"
EndProject
Project("{2150E333-8FDC-42A3-9474-1A3956D46DE8}") = "Infrastructure", "Infrastructure", "{24BECD37-3BB1-4BFC-8028-47EBB028A16F}"
EndProject
Project("{2150E333-8FDC-42A3-9474-1A3956D46DE8}") = "Application", "Application", "{BD203337-0EA1-46CC-B487-66CACD462661}"
EndProject
Project("{2150E333-8FDC-42A3-9474-1A3956D46DE8}") = "Domain", "Domain", "{9BACDDC5-D30A-45D7-8298-89ADC5E4A773}"
EndProject
Project("{9A19103F-16F7-4668-BE54-9A1E7A4F7556}") = "Services", "Services\Services.csproj", "{BA634F49-B30C-40D3-9D44-7BC5A37EAE64}"
EndProject
Project("{9A19103F-16F7-4668-BE54-9A1E7A4F7556}") = "ServicesImplementation", "ServicesImplementation\ServicesImplementation.csproj", "{25558F7D-E9E8-4840-BFBB-A5F5850FFDB5}"
EndProject
Project("{FAE04EC0-301F-11D3-BF4B-00C04F79EFBC}") = "HackathonRegistrationDbContext", "HackathonRegistrationDbContext\HackathonRegistrationDbContext.csproj", "{BB97209E-6BA5-4868-AF91-9666BB7AC503}"
EndProject
Global
	GlobalSection(SolutionConfigurationPlatforms) = preSolution
		Debug|Any CPU = Debug|Any CPU
		Release|Any CPU = Release|Any CPU
	EndGlobalSection
	GlobalSection(ProjectConfigurationPlatforms) = postSolution
		{E841436F-6073-42A3-8CB4-D81BB8FF38CD}.Debug|Any CPU.ActiveCfg = Debug|Any CPU
		{E841436F-6073-42A3-8CB4-D81BB8FF38CD}.Debug|Any CPU.Build.0 = Debug|Any CPU
		{E841436F-6073-42A3-8CB4-D81BB8FF38CD}.Release|Any CPU.ActiveCfg = Release|Any CPU
		{E841436F-6073-42A3-8CB4-D81BB8FF38CD}.Release|Any CPU.Build.0 = Release|Any CPU
		{BA634F49-B30C-40D3-9D44-7BC5A37EAE64}.Debug|Any CPU.ActiveCfg = Debug|Any CPU
		{BA634F49-B30C-40D3-9D44-7BC5A37EAE64}.Debug|Any CPU.Build.0 = Debug|Any CPU
		{BA634F49-B30C-40D3-9D44-7BC5A37EAE64}.Release|Any CPU.ActiveCfg = Release|Any CPU
		{BA634F49-B30C-40D3-9D44-7BC5A37EAE64}.Release|Any CPU.Build.0 = Release|Any CPU
		{25558F7D-E9E8-4840-BFBB-A5F5850FFDB5}.Debug|Any CPU.ActiveCfg = Debug|Any CPU
		{25558F7D-E9E8-4840-BFBB-A5F5850FFDB5}.Debug|Any CPU.Build.0 = Debug|Any CPU
		{25558F7D-E9E8-4840-BFBB-A5F5850FFDB5}.Release|Any CPU.ActiveCfg = Release|Any CPU
		{25558F7D-E9E8-4840-BFBB-A5F5850FFDB5}.Release|Any CPU.Build.0 = Release|Any CPU
		{BB97209E-6BA5-4868-AF91-9666BB7AC503}.Debug|Any CPU.ActiveCfg = Debug|Any CPU
		{BB97209E-6BA5-4868-AF91-9666BB7AC503}.Debug|Any CPU.Build.0 = Debug|Any CPU
		{BB97209E-6BA5-4868-AF91-9666BB7AC503}.Release|Any CPU.ActiveCfg = Release|Any CPU
		{BB97209E-6BA5-4868-AF91-9666BB7AC503}.Release|Any CPU.Build.0 = Release|Any CPU
	EndGlobalSection
	GlobalSection(SolutionProperties) = preSolution
		HideSolutionNode = FALSE
	EndGlobalSection
	GlobalSection(NestedProjects) = preSolution
		{BA634F49-B30C-40D3-9D44-7BC5A37EAE64} = {BD203337-0EA1-46CC-B487-66CACD462661}
		{25558F7D-E9E8-4840-BFBB-A5F5850FFDB5} = {24BECD37-3BB1-4BFC-8028-47EBB028A16F}
		{BB97209E-6BA5-4868-AF91-9666BB7AC503} = {24BECD37-3BB1-4BFC-8028-47EBB028A16F}
	EndGlobalSection
	GlobalSection(ExtensibilityGlobals) = postSolution
		SolutionGuid = {18E3D513-056C-44B5-A590-B3B3F6089737}
	EndGlobalSection
EndGlobal
